PODS:
  - Alamofire (4.9.1)
  - Kingfisher (5.12.0):
    - Kingfisher/Core (= 5.12.0)
  - Kingfisher/Core (5.12.0)
  - MSAUserDefaults (2.0.0)
  - YouTubePlayer (0.4.0)

DEPENDENCIES:
  - Alamofire
  - Kingfisher (~> 5.0)
  - MSAUserDefaults
  - YouTubePlayer

SPEC REPOS:
  trunk:
    - Alamofire
    - Kingfisher
    - MSAUserDefaults
    - YouTubePlayer

SPEC CHECKSUMS:
  Alamofire: 85e8a02c69d6020a0d734f6054870d7ecb75cf18
  Kingfisher: dc6e0f53bb5b12c3e75bedb0e01bbd7a640eea69
  MSAUserDefaults: b109fc76e840ac2b66b56c506bcc46ef2b8992cc
  YouTubePlayer: 028451f6772f372d4759866db99824c676ac1473

PODFILE CHECKSUM: 6adb1e77a001427d5ac406095380e24642d7a691

COCOAPODS: 1.9.0
